PODS:
  - Alamofire (4.6.0)
  - APNumberPad (1.2.0)
  - CropViewController (2.3.6)
  - DKImagePickerController (3.8.1):
    - DKImagePickerController/Camera (= 3.8.1)
    - DKImagePickerController/ImageManager (= 3.8.1)
  - DKImagePickerController/Camera (3.8.1)
  - DKImagePickerController/ImageManager (3.8.1)
  - DZNEmptyDataSet (1.8.1)
  - FSCalendar (2.7.9)
  - INTULocationManager (4.2.0)
  - IQKeyboardManagerSwift (5.0.6)
  - MBProgressHUD (1.0.0)
  - ObjectMapper (3.1.0)
  - SnapKit (4.0.0)
  - SVPullToRefresh (0.4.1)

DEPENDENCIES:
  - Alamofire (= 4.6.0)
  - APNumberPad (= 1.2.0)
  - CropViewController (= 2.3.6)
  - DKImagePickerController (= 3.8.1)
  - DZNEmptyDataSet (= 1.8.1)
  - FSCalendar
  - INTULocationManager (= 4.2.0)
  - IQKeyboardManagerSwift (= 5.0.6)
  - MBProgressHUD (= 1.0.0)
  - ObjectMapper (= 3.1.0)
  - SnapKit (= 4.0.0)
  - SVPullToRefresh (= 0.4.1)

SPEC CHECKSUMS:
  Alamofire: f41a599bd63041760b26d393ec1069d9d7b917f4
  APNumberPad: a63526db2db628824ae92e7124719e87e0f1c969
  CropViewController: e6d4bd512d15a1709e9ddf71fe7d98ffd05dda0f
  DKImagePickerController: 51ad6ee2ba05414bb741db54a72cd7f4fb178e34
  DZNEmptyDataSet: 9525833b9e68ac21c30253e1d3d7076cc828eaa7
  FSCalendar: a04b09f16f811bc92e82f3cf852a15225233b9d5
  INTULocationManager: 73f8254b3d05c897c56bb13c190e5b7c648c0998
  IQKeyboardManagerSwift: 02bfbb0dff71c66d0ab77d80d25dfce0c3717735
  MBProgressHUD: 4890f671c94e8a0f3cf959aa731e9de2f036d71a
  ObjectMapper: 20505058f54e5c3ca69e1d6de9897d152a5369a6
  SnapKit: a42d492c16e80209130a3379f73596c3454b7694
  SVPullToRefresh: ba2e718695a43253d8bea6852d2960097dc15d8c

PODFILE CHECKSUM: af3defd3fcdc4fe8c78263f2cbde56b25a994781

COCOAPODS: 1.2.1
