PODS:
  - AFNetworking (3.1.0):
    - AFNetworking/NSURLSession (= 3.1.0)
    - AFNetworking/Reachability (= 3.1.0)
    - AFNetworking/Security (= 3.1.0)
    - AFNetworking/Serialization (= 3.1.0)
    - AFNetworking/UIKit (= 3.1.0)
  - AFNetworking/NSURLSession (3.1.0):
    - AFNetworking/Reachability
    - AFNetworking/Security
    - AFNetworking/Serialization
  - AFNetworking/Reachability (3.1.0)
  - AFNetworking/Security (3.1.0)
  - AFNetworking/Serialization (3.1.0)
  - AFNetworking/UIKit (3.1.0):
    - AFNetworking/NSURLSession
  - DZNEmptyDataSet (1.8.1)
  - IQKeyboardManagerSwift (4.0.10)
  - MBProgressHUD (1.0.0)
  - ObjectMapper (2.2.7)
  - SVPullToRefresh (0.4.1)

DEPENDENCIES:
  - AFNetworking (= 3.1.0)
  - DZNEmptyDataSet (= 1.8.1)
  - IQKeyboardManagerSwift (= 4.0.10)
  - MBProgressHUD (= 1.0.0)
  - ObjectMapper (= 2.2.7)
  - SVPullToRefresh (= 0.4.1)

SPEC CHECKSUMS:
  AFNetworking: 5e0e199f73d8626b11e79750991f5d173d1f8b67
  DZNEmptyDataSet: 9525833b9e68ac21c30253e1d3d7076cc828eaa7
  IQKeyboardManagerSwift: 75ba21a23794a1e6b6fe6d9a267ea17f80e06771
  MBProgressHUD: 4890f671c94e8a0f3cf959aa731e9de2f036d71a
  ObjectMapper: 65abcfd9a61cf7396cbd14a4fb22fddfcc46577e
  SVPullToRefresh: ba2e718695a43253d8bea6852d2960097dc15d8c

PODFILE CHECKSUM: 500874d9972ee744aceadab662354d7f482bbe4b

COCOAPODS: 1.2.1
