// !$*UTF8*$!
{
	archiveVersion = 1;
	classes = {
	};
	objectVersion = 46;
	objects = {

/* Begin PBXBuildFile section */
		5D8EEB4F713F5AE16C2A184E /* Pods_SwiftApp.framework in Frameworks */ = {isa = PBXBuildFile; fileRef = 8016CA41A80ABCF8B62233C7 /* Pods_SwiftApp.framework */; };
		BB10D3F41F79225100B7DF4B /* DbActionView.swift in Sources */ = {isa = PBXBuildFile; fileRef = BB10D3F31F79225100B7DF4B /* DbActionView.swift */; };
		BB197D44200BBFAA005514C3 /* DbConstant.swift in Sources */ = {isa = PBXBuildFile; fileRef = BB197D43200BBFAA005514C3 /* DbConstant.swift */; };
		BB197D46200BC051005514C3 /* DbUtils.swift in Sources */ = {isa = PBXBuildFile; fileRef = BB197D45200BC051005514C3 /* DbUtils.swift */; };
		BB197D48200BC8AE005514C3 /* DbStringExtensions.swift in Sources */ = {isa = PBXBuildFile; fileRef = BB197D47200BC8AE005514C3 /* DbStringExtensions.swift */; };
		BB197D4A200BCC61005514C3 /* DbDictionaryExtensions.swift in Sources */ = {isa = PBXBuildFile; fileRef = BB197D49200BCC61005514C3 /* DbDictionaryExtensions.swift */; };
		BB197D4C200BD0AF005514C3 /* DbUINavigationControllerExtensions.swift in Sources */ = {isa = PBXBuildFile; fileRef = BB197D4B200BD0AF005514C3 /* DbUINavigationControllerExtensions.swift */; };
		BB1E34E7201ECD55008F0679 /* DbCGRectExtensions.swift in Sources */ = {isa = PBXBuildFile; fileRef = BB1E34E6201ECD55008F0679 /* DbCGRectExtensions.swift */; };
		BB1E34E9201F0D44008F0679 /* ServiceUrl.swift in Sources */ = {isa = PBXBuildFile; fileRef = BB1E34E8201F0D44008F0679 /* ServiceUrl.swift */; };
		BB2FA67320158E7700590C94 /* DbPopupView.swift in Sources */ = {isa = PBXBuildFile; fileRef = BB2FA67220158E7700590C94 /* DbPopupView.swift */; };
		BB2FA67620159EEC00590C94 /* TpPostDetailView.swift in Sources */ = {isa = PBXBuildFile; fileRef = BB2FA67520159EEC00590C94 /* TpPostDetailView.swift */; };
		BB2FA67820159F8400590C94 /* TpPostDetailView.xib in Resources */ = {isa = PBXBuildFile; fileRef = BB2FA67720159F8400590C94 /* TpPostDetailView.xib */; };
		BB2FA67A2015D37B00590C94 /* DbLoadableView.swift in Sources */ = {isa = PBXBuildFile; fileRef = BB2FA6792015D37B00590C94 /* DbLoadableView.swift */; };
		BB2FA67C2015F18A00590C94 /* DbViewFromXib.swift in Sources */ = {isa = PBXBuildFile; fileRef = BB2FA67B2015F18A00590C94 /* DbViewFromXib.swift */; };
		BB330BA71F7815D900BEEA9A /* Constant.swift in Sources */ = {isa = PBXBuildFile; fileRef = BB330BA61F7815D900BEEA9A /* Constant.swift */; };
		BB34D82C201E35490048F2B8 /* DbStdlibExtensions.swift in Sources */ = {isa = PBXBuildFile; fileRef = BB34D82B201E35490048F2B8 /* DbStdlibExtensions.swift */; };
		BB54731B201789300055CAD9 /* SecondViewController.swift in Sources */ = {isa = PBXBuildFile; fileRef = BB547319201789300055CAD9 /* SecondViewController.swift */; };
		BB54731C201789300055CAD9 /* SecondViewController.xib in Resources */ = {isa = PBXBuildFile; fileRef = BB54731A201789300055CAD9 /* SecondViewController.xib */; };
		BB54731F201789460055CAD9 /* FirstViewController.swift in Sources */ = {isa = PBXBuildFile; fileRef = BB54731D201789460055CAD9 /* FirstViewController.swift */; };
		BB547320201789460055CAD9 /* FirstViewController.xib in Resources */ = {isa = PBXBuildFile; fileRef = BB54731E201789460055CAD9 /* FirstViewController.xib */; };
		BB6F6DE52011192100D81CA3 /* DbErrorView.swift in Sources */ = {isa = PBXBuildFile; fileRef = BB6F6DE42011192100D81CA3 /* DbErrorView.swift */; };
		BB79169120190264007A83E6 /* DbMediaPickerController.swift in Sources */ = {isa = PBXBuildFile; fileRef = BB79169020190264007A83E6 /* DbMediaPickerController.swift */; };
		BBA4828F201CEC1500824A39 /* DbSelectorActionSheet.swift in Sources */ = {isa = PBXBuildFile; fileRef = BBA4828E201CEC1500824A39 /* DbSelectorActionSheet.swift */; };
		BBA4D64B2028A44B0013F204 /* DbConnection.swift in Sources */ = {isa = PBXBuildFile; fileRef = BBA4D64A2028A44B0013F204 /* DbConnection.swift */; };
		BBA69EA820208EB20028603F /* DbUIViewExtensions.swift in Sources */ = {isa = PBXBuildFile; fileRef = BBA69EA720208EB20028603F /* DbUIViewExtensions.swift */; };
		BBA69EAA202098400028603F /* DbUIKitExtensions.swift in Sources */ = {isa = PBXBuildFile; fileRef = BBA69EA9202098400028603F /* DbUIKitExtensions.swift */; };
		BBA7C7561F721DAF00328377 /* BaseViewController.swift in Sources */ = {isa = PBXBuildFile; fileRef = BBA7C7551F721DAF00328377 /* BaseViewController.swift */; };
		BBA7C7641F725D3F00328377 /* Utils.swift in Sources */ = {isa = PBXBuildFile; fileRef = BBA7C7631F725D3F00328377 /* Utils.swift */; };
		BBB569DA1F7B5B880014A7A9 /* TaskDetailViewController.swift in Sources */ = {isa = PBXBuildFile; fileRef = BBB569D21F7B5B870014A7A9 /* TaskDetailViewController.swift */; };
		BBB569DB1F7B5B880014A7A9 /* TaskDetailViewController.xib in Resources */ = {isa = PBXBuildFile; fileRef = BBB569D31F7B5B870014A7A9 /* TaskDetailViewController.xib */; };
		BBB569DC1F7B5B880014A7A9 /* TaskListViewController.swift in Sources */ = {isa = PBXBuildFile; fileRef = BBB569D41F7B5B870014A7A9 /* TaskListViewController.swift */; };
		BBB569DD1F7B5B880014A7A9 /* TaskListViewController.xib in Resources */ = {isa = PBXBuildFile; fileRef = BBB569D51F7B5B870014A7A9 /* TaskListViewController.xib */; };
		BBB569DE1F7B5B880014A7A9 /* TaskUpdateViewController.swift in Sources */ = {isa = PBXBuildFile; fileRef = BBB569D61F7B5B870014A7A9 /* TaskUpdateViewController.swift */; };
		BBB569DF1F7B5B880014A7A9 /* TaskUpdateViewController.xib in Resources */ = {isa = PBXBuildFile; fileRef = BBB569D71F7B5B870014A7A9 /* TaskUpdateViewController.xib */; };
		BBB569E01F7B5B880014A7A9 /* TaskViewCell.swift in Sources */ = {isa = PBXBuildFile; fileRef = BBB569D81F7B5B870014A7A9 /* TaskViewCell.swift */; };
		BBB569E11F7B5B880014A7A9 /* TaskViewCell.xib in Resources */ = {isa = PBXBuildFile; fileRef = BBB569D91F7B5B870014A7A9 /* TaskViewCell.xib */; };
		BBB569E51F7B606C0014A7A9 /* TpUsersViewController.swift in Sources */ = {isa = PBXBuildFile; fileRef = BBB569E31F7B606C0014A7A9 /* TpUsersViewController.swift */; };
		BBB569E61F7B606C0014A7A9 /* TpUsersViewController.xib in Resources */ = {isa = PBXBuildFile; fileRef = BBB569E41F7B606C0014A7A9 /* TpUsersViewController.xib */; };
		BBB569E91F7B615D0014A7A9 /* User.swift in Sources */ = {isa = PBXBuildFile; fileRef = BBB569E81F7B615D0014A7A9 /* User.swift */; };
		BBB569EB1F7BC5420014A7A9 /* Post.swift in Sources */ = {isa = PBXBuildFile; fileRef = BBB569EA1F7BC5420014A7A9 /* Post.swift */; };
		BBB569EE1F7BC8880014A7A9 /* TpPostsViewController.swift in Sources */ = {isa = PBXBuildFile; fileRef = BBB569EC1F7BC8880014A7A9 /* TpPostsViewController.swift */; };
		BBB569EF1F7BC8880014A7A9 /* TpPostsViewController.xib in Resources */ = {isa = PBXBuildFile; fileRef = BBB569ED1F7BC8880014A7A9 /* TpPostsViewController.xib */; };
		BBC02E611F71747A0011FDE6 /* artists.json in Resources */ = {isa = PBXBuildFile; fileRef = BBC02E541F71747A0011FDE6 /* artists.json */; };
		BBC02E621F71747A0011FDE6 /* FontAwesome.ttf in Resources */ = {isa = PBXBuildFile; fileRef = BBC02E561F71747A0011FDE6 /* FontAwesome.ttf */; };
		BBC02E631F71747A0011FDE6 /* OpenSans-Bold.ttf in Resources */ = {isa = PBXBuildFile; fileRef = BBC02E571F71747A0011FDE6 /* OpenSans-Bold.ttf */; };
		BBC02E641F71747A0011FDE6 /* OpenSans-BoldItalic.ttf in Resources */ = {isa = PBXBuildFile; fileRef = BBC02E581F71747A0011FDE6 /* OpenSans-BoldItalic.ttf */; };
		BBC02E651F71747A0011FDE6 /* OpenSans-ExtraBold.ttf in Resources */ = {isa = PBXBuildFile; fileRef = BBC02E591F71747A0011FDE6 /* OpenSans-ExtraBold.ttf */; };
		BBC02E661F71747A0011FDE6 /* OpenSans-ExtraBoldItalic.ttf in Resources */ = {isa = PBXBuildFile; fileRef = BBC02E5A1F71747A0011FDE6 /* OpenSans-ExtraBoldItalic.ttf */; };
		BBC02E671F71747A0011FDE6 /* OpenSans-Italic.ttf in Resources */ = {isa = PBXBuildFile; fileRef = BBC02E5B1F71747A0011FDE6 /* OpenSans-Italic.ttf */; };
		BBC02E681F71747A0011FDE6 /* OpenSans-Light.ttf in Resources */ = {isa = PBXBuildFile; fileRef = BBC02E5C1F71747A0011FDE6 /* OpenSans-Light.ttf */; };
		BBC02E691F71747A0011FDE6 /* OpenSans-LightItalic.ttf in Resources */ = {isa = PBXBuildFile; fileRef = BBC02E5D1F71747A0011FDE6 /* OpenSans-LightItalic.ttf */; };
		BBC02E6A1F71747A0011FDE6 /* OpenSans-Regular.ttf in Resources */ = {isa = PBXBuildFile; fileRef = BBC02E5E1F71747A0011FDE6 /* OpenSans-Regular.ttf */; };
		BBC02E6B1F71747A0011FDE6 /* OpenSans-Semibold.ttf in Resources */ = {isa = PBXBuildFile; fileRef = BBC02E5F1F71747A0011FDE6 /* OpenSans-Semibold.ttf */; };
		BBC02E6C1F71747A0011FDE6 /* OpenSans-SemiboldItalic.ttf in Resources */ = {isa = PBXBuildFile; fileRef = BBC02E601F71747A0011FDE6 /* OpenSans-SemiboldItalic.ttf */; };
		BBC02E6F1F717D5D0011FDE6 /* SwiftyPlistManager.swift in Sources */ = {isa = PBXBuildFile; fileRef = BBC02E6E1F717D5D0011FDE6 /* SwiftyPlistManager.swift */; };
		BBC02E711F717DD20011FDE6 /* DemoData.plist in Resources */ = {isa = PBXBuildFile; fileRef = BBC02E701F717DD20011FDE6 /* DemoData.plist */; };
		BBD002812018A39E00293AC8 /* MediaGallery.swift in Sources */ = {isa = PBXBuildFile; fileRef = BBD002802018A39E00293AC8 /* MediaGallery.swift */; };
		BBD2E5D12019C1CE005C7C37 /* LocationManager.swift in Sources */ = {isa = PBXBuildFile; fileRef = BBD2E5D02019C1CE005C7C37 /* LocationManager.swift */; };
		BBD2E5D32019CC8E005C7C37 /* DbAlertController.swift in Sources */ = {isa = PBXBuildFile; fileRef = BBD2E5D22019CC8E005C7C37 /* DbAlertController.swift */; };
		BBD3CEF01F70CFE50028425E /* AppDelegate.swift in Sources */ = {isa = PBXBuildFile; fileRef = BBD3CEEF1F70CFE50028425E /* AppDelegate.swift */; };
		BBD3CEF21F70CFE50028425E /* ViewController.swift in Sources */ = {isa = PBXBuildFile; fileRef = BBD3CEF11F70CFE50028425E /* ViewController.swift */; };
		BBD3CEF51F70CFE50028425E /* Main.storyboard in Resources */ = {isa = PBXBuildFile; fileRef = BBD3CEF31F70CFE50028425E /* Main.storyboard */; };
		BBD3CEF71F70CFE50028425E /* Assets.xcassets in Resources */ = {isa = PBXBuildFile; fileRef = BBD3CEF61F70CFE50028425E /* Assets.xcassets */; };
		BBD3CEFA1F70CFE50028425E /* LaunchScreen.storyboard in Resources */ = {isa = PBXBuildFile; fileRef = BBD3CEF81F70CFE50028425E /* LaunchScreen.storyboard */; };
		BBD3CF051F70CFE50028425E /* SwiftAppTests.swift in Sources */ = {isa = PBXBuildFile; fileRef = BBD3CF041F70CFE50028425E /* SwiftAppTests.swift */; };
		BBD3CF111F70F80D0028425E /* RootViewController.swift in Sources */ = {isa = PBXBuildFile; fileRef = BBD3CF101F70F80D0028425E /* RootViewController.swift */; };
		BBD3CF141F70F8480028425E /* DemoTableViewController.swift in Sources */ = {isa = PBXBuildFile; fileRef = BBD3CF121F70F8480028425E /* DemoTableViewController.swift */; };
		BBD3CF151F70F8480028425E /* DemoTableViewController.xib in Resources */ = {isa = PBXBuildFile; fileRef = BBD3CF131F70F8480028425E /* DemoTableViewController.xib */; };
		BBD3CF171F70FBDC0028425E /* ToDoItem.swift in Sources */ = {isa = PBXBuildFile; fileRef = BBD3CF161F70FBDC0028425E /* ToDoItem.swift */; };
		BBD3CF1A1F7102D80028425E /* ToDoCell.swift in Sources */ = {isa = PBXBuildFile; fileRef = BBD3CF181F7102D80028425E /* ToDoCell.swift */; };
		BBD3CF1B1F7102D80028425E /* ToDoCell.xib in Resources */ = {isa = PBXBuildFile; fileRef = BBD3CF191F7102D80028425E /* ToDoCell.xib */; };
		BBDD5E8F20119C4F0089DD32 /* DbObject.swift in Sources */ = {isa = PBXBuildFile; fileRef = BBDD5E8E20119C4F0089DD32 /* DbObject.swift */; };
		BBDD5E912011B18C0089DD32 /* DbSession.swift in Sources */ = {isa = PBXBuildFile; fileRef = BBDD5E902011B18C0089DD32 /* DbSession.swift */; };
		BBDD5E932011F18D0089DD32 /* Reachability.swift in Sources */ = {isa = PBXBuildFile; fileRef = BBDD5E922011F18D0089DD32 /* Reachability.swift */; };
		BBE813EB2016E93B00B21B1F /* DbTableViewCell.swift in Sources */ = {isa = PBXBuildFile; fileRef = BBE813EA2016E93B00B21B1F /* DbTableViewCell.swift */; };
		BBE813F02016EBB800B21B1F /* DbAssets.xcassets in Resources */ = {isa = PBXBuildFile; fileRef = BBE813EF2016EBB700B21B1F /* DbAssets.xcassets */; };
		BBE813F420171DD000B21B1F /* UITextField+PasswordField.swift in Sources */ = {isa = PBXBuildFile; fileRef = BBE813F320171DD000B21B1F /* UITextField+PasswordField.swift */; };
		BBE813F72017211A00B21B1F /* DecimalTextField.swift in Sources */ = {isa = PBXBuildFile; fileRef = BBE813F62017211A00B21B1F /* DecimalTextField.swift */; };
		BBE813FC2017458100B21B1F /* ic_hide_password.png in Resources */ = {isa = PBXBuildFile; fileRef = BBE813F82017458000B21B1F /* ic_hide_password.png */; };
		BBE813FD2017458100B21B1F /* ic_show_password.png in Resources */ = {isa = PBXBuildFile; fileRef = BBE813F92017458000B21B1F /* ic_show_password.png */; };
		BBE813FE2017458100B21B1F /* ic_show_password@2x.png in Resources */ = {isa = PBXBuildFile; fileRef = BBE813FA2017458100B21B1F /* ic_show_password@2x.png */; };
		BBE813FF2017458100B21B1F /* ic_hide_password@2x.png in Resources */ = {isa = PBXBuildFile; fileRef = BBE813FB2017458100B21B1F /* ic_hide_password@2x.png */; };
		BBE814012017551B00B21B1F /* PhotoGalleryViewController.swift in Sources */ = {isa = PBXBuildFile; fileRef = BBE814002017551B00B21B1F /* PhotoGalleryViewController.swift */; };
		BBE88C5C20216C5E0044F661 /* DbDispatch.swift in Sources */ = {isa = PBXBuildFile; fileRef = BBE88C5B20216C5E0044F661 /* DbDispatch.swift */; };
		BBE88C782021C4BD0044F661 /* DbRequest.swift in Sources */ = {isa = PBXBuildFile; fileRef = BBE88C772021C4BD0044F661 /* DbRequest.swift */; };
		BBE88C7A2021DFD40044F661 /* DbResponse.swift in Sources */ = {isa = PBXBuildFile; fileRef = BBE88C792021DFD40044F661 /* DbResponse.swift */; };
		BBEC9E462012644200FFF182 /* DbArrayExtensions.swift in Sources */ = {isa = PBXBuildFile; fileRef = BBEC9E452012644200FFF182 /* DbArrayExtensions.swift */; };
		BBEC9E482012662F00FFF182 /* DbDateExtensions.swift in Sources */ = {isa = PBXBuildFile; fileRef = BBEC9E472012662F00FFF182 /* DbDateExtensions.swift */; };
		BBF540541F736C4900AF7AC2 /* DbWebConnection.swift in Sources */ = {isa = PBXBuildFile; fileRef = BBF540531F736C4900AF7AC2 /* DbWebConnection.swift */; };
		BBFAA0FB200D1EF700718E95 /* DbAppDelegate.swift in Sources */ = {isa = PBXBuildFile; fileRef = BBFAA0FA200D1EF700718E95 /* DbAppDelegate.swift */; };
		BBFAA0FD200D243700718E95 /* DbViewController.swift in Sources */ = {isa = PBXBuildFile; fileRef = BBFAA0FC200D243700718E95 /* DbViewController.swift */; };
		E30D5F2105DB6D031E1304FB /* Pods_SwiftAppTests.framework in Frameworks */ = {isa = PBXBuildFile; fileRef = 7FF2814C1B7C4BB0116DD7E9 /* Pods_SwiftAppTests.framework */; };
/* End PBXBuildFile section */

/* Begin PBXContainerItemProxy section */
		BBD3CF011F70CFE50028425E /* PBXContainerItemProxy */ = {
			isa = PBXContainerItemProxy;
			containerPortal = BBD3CEE41F70CFE50028425E /* Project object */;
			proxyType = 1;
			remoteGlobalIDString = BBD3CEEB1F70CFE50028425E;
			remoteInfo = SwiftApp;
		};
/* End PBXContainerItemProxy section */

/* Begin PBXFileReference section */
		57B0F4AAEBF74E318208C799 /* Pods-SwiftAppTests.release.xcconfig */ = {isa = PBXFileReference; includeInIndex = 1; lastKnownFileType = text.xcconfig; name = "Pods-SwiftAppTests.release.xcconfig"; path = "Pods/Target Support Files/Pods-SwiftAppTests/Pods-SwiftAppTests.release.xcconfig"; sourceTree = "<group>"; };
		64F2635626968B4B3D75864E /* Pods-SwiftAppTests.debug.xcconfig */ = {isa = PBXFileReference; includeInIndex = 1; lastKnownFileType = text.xcconfig; name = "Pods-SwiftAppTests.debug.xcconfig"; path = "Pods/Target Support Files/Pods-SwiftAppTests/Pods-SwiftAppTests.debug.xcconfig"; sourceTree = "<group>"; };
		7FF2814C1B7C4BB0116DD7E9 /* Pods_SwiftAppTests.framework */ = {isa = PBXFileReference; explicitFileType = wrapper.framework; includeInIndex = 0; path = Pods_SwiftAppTests.framework; sourceTree = BUILT_PRODUCTS_DIR; };
		8016CA41A80ABCF8B62233C7 /* Pods_SwiftApp.framework */ = {isa = PBXFileReference; explicitFileType = wrapper.framework; includeInIndex = 0; path = Pods_SwiftApp.framework; sourceTree = BUILT_PRODUCTS_DIR; };
		BB10D3F31F79225100B7DF4B /* DbActionView.swift */ = {isa = PBXFileReference; lastKnownFileType = sourcecode.swift; path = DbActionView.swift; sourceTree = "<group>"; };
		BB197D43200BBFAA005514C3 /* DbConstant.swift */ = {isa = PBXFileReference; lastKnownFileType = sourcecode.swift; path = DbConstant.swift; sourceTree = "<group>"; };
		BB197D45200BC051005514C3 /* DbUtils.swift */ = {isa = PBXFileReference; lastKnownFileType = sourcecode.swift; path = DbUtils.swift; sourceTree = "<group>"; };
		BB197D47200BC8AE005514C3 /* DbStringExtensions.swift */ = {isa = PBXFileReference; lastKnownFileType = sourcecode.swift; path = DbStringExtensions.swift; sourceTree = "<group>"; };
		BB197D49200BCC61005514C3 /* DbDictionaryExtensions.swift */ = {isa = PBXFileReference; lastKnownFileType = sourcecode.swift; path = DbDictionaryExtensions.swift; sourceTree = "<group>"; };
		BB197D4B200BD0AF005514C3 /* DbUINavigationControllerExtensions.swift */ = {isa = PBXFileReference; lastKnownFileType = sourcecode.swift; path = DbUINavigationControllerExtensions.swift; sourceTree = "<group>"; };
		BB1E34E6201ECD55008F0679 /* DbCGRectExtensions.swift */ = {isa = PBXFileReference; lastKnownFileType = sourcecode.swift; path = DbCGRectExtensions.swift; sourceTree = "<group>"; };
		BB1E34E8201F0D44008F0679 /* ServiceUrl.swift */ = {isa = PBXFileReference; lastKnownFileType = sourcecode.swift; path = ServiceUrl.swift; sourceTree = "<group>"; };
		BB2FA67220158E7700590C94 /* DbPopupView.swift */ = {isa = PBXFileReference; lastKnownFileType = sourcecode.swift; path = DbPopupView.swift; sourceTree = "<group>"; };
		BB2FA67520159EEC00590C94 /* TpPostDetailView.swift */ = {isa = PBXFileReference; lastKnownFileType = sourcecode.swift; path = TpPostDetailView.swift; sourceTree = "<group>"; };
		BB2FA67720159F8400590C94 /* TpPostDetailView.xib */ = {isa = PBXFileReference; lastKnownFileType = file.xib; path = TpPostDetailView.xib; sourceTree = "<group>"; };
		BB2FA6792015D37B00590C94 /* DbLoadableView.swift */ = {isa = PBXFileReference; lastKnownFileType = sourcecode.swift; path = DbLoadableView.swift; sourceTree = "<group>"; };
		BB2FA67B2015F18A00590C94 /* DbViewFromXib.swift */ = {isa = PBXFileReference; fileEncoding = 4; lastKnownFileType = sourcecode.swift; path = DbViewFromXib.swift; sourceTree = "<group>"; };
		BB330BA61F7815D900BEEA9A /* Constant.swift */ = {isa = PBXFileReference; fileEncoding = 4; lastKnownFileType = sourcecode.swift; path = Constant.swift; sourceTree = "<group>"; };
		BB34D82B201E35490048F2B8 /* DbStdlibExtensions.swift */ = {isa = PBXFileReference; lastKnownFileType = sourcecode.swift; path = DbStdlibExtensions.swift; sourceTree = "<group>"; };
		BB547319201789300055CAD9 /* SecondViewController.swift */ = {isa = PBXFileReference; lastKnownFileType = sourcecode.swift; path = SecondViewController.swift; sourceTree = "<group>"; };
		BB54731A201789300055CAD9 /* SecondViewController.xib */ = {isa = PBXFileReference; lastKnownFileType = file.xib; path = SecondViewController.xib; sourceTree = "<group>"; };
		BB54731D201789460055CAD9 /* FirstViewController.swift */ = {isa = PBXFileReference; lastKnownFileType = sourcecode.swift; path = FirstViewController.swift; sourceTree = "<group>"; };
		BB54731E201789460055CAD9 /* FirstViewController.xib */ = {isa = PBXFileReference; lastKnownFileType = file.xib; path = FirstViewController.xib; sourceTree = "<group>"; };
		BB6F6DE42011192100D81CA3 /* DbErrorView.swift */ = {isa = PBXFileReference; lastKnownFileType = sourcecode.swift; path = DbErrorView.swift; sourceTree = "<group>"; };
		BB79169020190264007A83E6 /* DbMediaPickerController.swift */ = {isa = PBXFileReference; lastKnownFileType = sourcecode.swift; path = DbMediaPickerController.swift; sourceTree = "<group>"; };
		BBA4828E201CEC1500824A39 /* DbSelectorActionSheet.swift */ = {isa = PBXFileReference; lastKnownFileType = sourcecode.swift; path = DbSelectorActionSheet.swift; sourceTree = "<group>"; };
		BBA4D64A2028A44B0013F204 /* DbConnection.swift */ = {isa = PBXFileReference; lastKnownFileType = sourcecode.swift; path = DbConnection.swift; sourceTree = "<group>"; };
		BBA69EA720208EB20028603F /* DbUIViewExtensions.swift */ = {isa = PBXFileReference; lastKnownFileType = sourcecode.swift; path = DbUIViewExtensions.swift; sourceTree = "<group>"; };
		BBA69EA9202098400028603F /* DbUIKitExtensions.swift */ = {isa = PBXFileReference; lastKnownFileType = sourcecode.swift; path = DbUIKitExtensions.swift; sourceTree = "<group>"; };
		BBA7C7551F721DAF00328377 /* BaseViewController.swift */ = {isa = PBXFileReference; fileEncoding = 4; lastKnownFileType = sourcecode.swift; path = BaseViewController.swift; sourceTree = "<group>"; };
		BBA7C7631F725D3F00328377 /* Utils.swift */ = {isa = PBXFileReference; fileEncoding = 4; lastKnownFileType = sourcecode.swift; path = Utils.swift; sourceTree = "<group>"; };
		BBB569D21F7B5B870014A7A9 /* TaskDetailViewController.swift */ = {isa = PBXFileReference; fileEncoding = 4; lastKnownFileType = sourcecode.swift; path = TaskDetailViewController.swift; sourceTree = "<group>"; };
		BBB569D31F7B5B870014A7A9 /* TaskDetailViewController.xib */ = {isa = PBXFileReference; fileEncoding = 4; lastKnownFileType = file.xib; path = TaskDetailViewController.xib; sourceTree = "<group>"; };
		BBB569D41F7B5B870014A7A9 /* TaskListViewController.swift */ = {isa = PBXFileReference; fileEncoding = 4; lastKnownFileType = sourcecode.swift; path = TaskListViewController.swift; sourceTree = "<group>"; };
		BBB569D51F7B5B870014A7A9 /* TaskListViewController.xib */ = {isa = PBXFileReference; fileEncoding = 4; lastKnownFileType = file.xib; path = TaskListViewController.xib; sourceTree = "<group>"; };
		BBB569D61F7B5B870014A7A9 /* TaskUpdateViewController.swift */ = {isa = PBXFileReference; fileEncoding = 4; lastKnownFileType = sourcecode.swift; path = TaskUpdateViewController.swift; sourceTree = "<group>"; };
		BBB569D71F7B5B870014A7A9 /* TaskUpdateViewController.xib */ = {isa = PBXFileReference; fileEncoding = 4; lastKnownFileType = file.xib; path = TaskUpdateViewController.xib; sourceTree = "<group>"; };
		BBB569D81F7B5B870014A7A9 /* TaskViewCell.swift */ = {isa = PBXFileReference; fileEncoding = 4; lastKnownFileType = sourcecode.swift; path = TaskViewCell.swift; sourceTree = "<group>"; };
		BBB569D91F7B5B870014A7A9 /* TaskViewCell.xib */ = {isa = PBXFileReference; fileEncoding = 4; lastKnownFileType = file.xib; path = TaskViewCell.xib; sourceTree = "<group>"; };
		BBB569E31F7B606C0014A7A9 /* TpUsersViewController.swift */ = {isa = PBXFileReference; lastKnownFileType = sourcecode.swift; path = TpUsersViewController.swift; sourceTree = "<group>"; };
		BBB569E41F7B606C0014A7A9 /* TpUsersViewController.xib */ = {isa = PBXFileReference; lastKnownFileType = file.xib; path = TpUsersViewController.xib; sourceTree = "<group>"; };
		BBB569E81F7B615D0014A7A9 /* User.swift */ = {isa = PBXFileReference; lastKnownFileType = sourcecode.swift; path = User.swift; sourceTree = "<group>"; };
		BBB569EA1F7BC5420014A7A9 /* Post.swift */ = {isa = PBXFileReference; lastKnownFileType = sourcecode.swift; path = Post.swift; sourceTree = "<group>"; };
		BBB569EC1F7BC8880014A7A9 /* TpPostsViewController.swift */ = {isa = PBXFileReference; lastKnownFileType = sourcecode.swift; path = TpPostsViewController.swift; sourceTree = "<group>"; };
		BBB569ED1F7BC8880014A7A9 /* TpPostsViewController.xib */ = {isa = PBXFileReference; lastKnownFileType = file.xib; path = TpPostsViewController.xib; sourceTree = "<group>"; };
		BBC02E541F71747A0011FDE6 /* artists.json */ = {isa = PBXFileReference; fileEncoding = 4; lastKnownFileType = text.json; path = artists.json; sourceTree = "<group>"; };
		BBC02E561F71747A0011FDE6 /* FontAwesome.ttf */ = {isa = PBXFileReference; lastKnownFileType = file; path = FontAwesome.ttf; sourceTree = "<group>"; };
		BBC02E571F71747A0011FDE6 /* OpenSans-Bold.ttf */ = {isa = PBXFileReference; lastKnownFileType = file; path = "OpenSans-Bold.ttf"; sourceTree = "<group>"; };
		BBC02E581F71747A0011FDE6 /* OpenSans-BoldItalic.ttf */ = {isa = PBXFileReference; lastKnownFileType = file; path = "OpenSans-BoldItalic.ttf"; sourceTree = "<group>"; };
		BBC02E591F71747A0011FDE6 /* OpenSans-ExtraBold.ttf */ = {isa = PBXFileReference; lastKnownFileType = file; path = "OpenSans-ExtraBold.ttf"; sourceTree = "<group>"; };
		BBC02E5A1F71747A0011FDE6 /* OpenSans-ExtraBoldItalic.ttf */ = {isa = PBXFileReference; lastKnownFileType = file; path = "OpenSans-ExtraBoldItalic.ttf"; sourceTree = "<group>"; };
		BBC02E5B1F71747A0011FDE6 /* OpenSans-Italic.ttf */ = {isa = PBXFileReference; lastKnownFileType = file; path = "OpenSans-Italic.ttf"; sourceTree = "<group>"; };
		BBC02E5C1F71747A0011FDE6 /* OpenSans-Light.ttf */ = {isa = PBXFileReference; lastKnownFileType = file; path = "OpenSans-Light.ttf"; sourceTree = "<group>"; };
		BBC02E5D1F71747A0011FDE6 /* OpenSans-LightItalic.ttf */ = {isa = PBXFileReference; lastKnownFileType = file; path = "OpenSans-LightItalic.ttf"; sourceTree = "<group>"; };
		BBC02E5E1F71747A0011FDE6 /* OpenSans-Regular.ttf */ = {isa = PBXFileReference; lastKnownFileType = file; path = "OpenSans-Regular.ttf"; sourceTree = "<group>"; };
		BBC02E5F1F71747A0011FDE6 /* OpenSans-Semibold.ttf */ = {isa = PBXFileReference; lastKnownFileType = file; path = "OpenSans-Semibold.ttf"; sourceTree = "<group>"; };
		BBC02E601F71747A0011FDE6 /* OpenSans-SemiboldItalic.ttf */ = {isa = PBXFileReference; lastKnownFileType = file; path = "OpenSans-SemiboldItalic.ttf"; sourceTree = "<group>"; };
		BBC02E6E1F717D5D0011FDE6 /* SwiftyPlistManager.swift */ = {isa = PBXFileReference; fileEncoding = 4; lastKnownFileType = sourcecode.swift; path = SwiftyPlistManager.swift; sourceTree = "<group>"; };
		BBC02E701F717DD20011FDE6 /* DemoData.plist */ = {isa = PBXFileReference; fileEncoding = 4; lastKnownFileType = text.plist.xml; path = DemoData.plist; sourceTree = "<group>"; };
		BBD002802018A39E00293AC8 /* MediaGallery.swift */ = {isa = PBXFileReference; lastKnownFileType = sourcecode.swift; path = MediaGallery.swift; sourceTree = "<group>"; };
		BBD2E5D02019C1CE005C7C37 /* LocationManager.swift */ = {isa = PBXFileReference; lastKnownFileType = sourcecode.swift; path = LocationManager.swift; sourceTree = "<group>"; };
		BBD2E5D22019CC8E005C7C37 /* DbAlertController.swift */ = {isa = PBXFileReference; lastKnownFileType = sourcecode.swift; path = DbAlertController.swift; sourceTree = "<group>"; };
		BBD3CEEC1F70CFE50028425E /* SwiftApp.app */ = {isa = PBXFileReference; explicitFileType = wrapper.application; includeInIndex = 0; path = SwiftApp.app; sourceTree = BUILT_PRODUCTS_DIR; };
		BBD3CEEF1F70CFE50028425E /* AppDelegate.swift */ = {isa = PBXFileReference; lastKnownFileType = sourcecode.swift; path = AppDelegate.swift; sourceTree = "<group>"; };
		BBD3CEF11F70CFE50028425E /* ViewController.swift */ = {isa = PBXFileReference; lastKnownFileType = sourcecode.swift; path = ViewController.swift; sourceTree = "<group>"; };
		BBD3CEF41F70CFE50028425E /* Base */ = {isa = PBXFileReference; lastKnownFileType = file.storyboard; name = Base; path = Base.lproj/Main.storyboard; sourceTree = "<group>"; };
		BBD3CEF61F70CFE50028425E /* Assets.xcassets */ = {isa = PBXFileReference; lastKnownFileType = folder.assetcatalog; path = Assets.xcassets; sourceTree = "<group>"; };
		BBD3CEF91F70CFE50028425E /* Base */ = {isa = PBXFileReference; lastKnownFileType = file.storyboard; name = Base; path = Base.lproj/LaunchScreen.storyboard; sourceTree = "<group>"; };
		BBD3CEFB1F70CFE50028425E /* Info.plist */ = {isa = PBXFileReference; lastKnownFileType = text.plist.xml; path = Info.plist; sourceTree = "<group>"; };
		BBD3CF001F70CFE50028425E /* SwiftAppTests.xctest */ = {isa = PBXFileReference; explicitFileType = wrapper.cfbundle; includeInIndex = 0; path = SwiftAppTests.xctest; sourceTree = BUILT_PRODUCTS_DIR; };
		BBD3CF041F70CFE50028425E /* SwiftAppTests.swift */ = {isa = PBXFileReference; lastKnownFileType = sourcecode.swift; path = SwiftAppTests.swift; sourceTree = "<group>"; };
		BBD3CF061F70CFE50028425E /* Info.plist */ = {isa = PBXFileReference; lastKnownFileType = text.plist.xml; path = Info.plist; sourceTree = "<group>"; };
		BBD3CF0F1F70D1760028425E /* ObjeCBridgingHeader.h */ = {isa = PBXFileReference; lastKnownFileType = sourcecode.c.h; path = ObjeCBridgingHeader.h; sourceTree = "<group>"; };
		BBD3CF101F70F80D0028425E /* RootViewController.swift */ = {isa = PBXFileReference; fileEncoding = 4; lastKnownFileType = sourcecode.swift; path = RootViewController.swift; sourceTree = "<group>"; };
		BBD3CF121F70F8480028425E /* DemoTableViewController.swift */ = {isa = PBXFileReference; fileEncoding = 4; lastKnownFileType = sourcecode.swift; path = DemoTableViewController.swift; sourceTree = "<group>"; };
		BBD3CF131F70F8480028425E /* DemoTableViewController.xib */ = {isa = PBXFileReference; fileEncoding = 4; lastKnownFileType = file.xib; path = DemoTableViewController.xib; sourceTree = "<group>"; };
		BBD3CF161F70FBDC0028425E /* ToDoItem.swift */ = {isa = PBXFileReference; fileEncoding = 4; lastKnownFileType = sourcecode.swift; path = ToDoItem.swift; sourceTree = "<group>"; };
		BBD3CF181F7102D80028425E /* ToDoCell.swift */ = {isa = PBXFileReference; fileEncoding = 4; lastKnownFileType = sourcecode.swift; path = ToDoCell.swift; sourceTree = "<group>"; };
		BBD3CF191F7102D80028425E /* ToDoCell.xib */ = {isa = PBXFileReference; fileEncoding = 4; lastKnownFileType = file.xib; path = ToDoCell.xib; sourceTree = "<group>"; };
		BBDD5E8E20119C4F0089DD32 /* DbObject.swift */ = {isa = PBXFileReference; lastKnownFileType = sourcecode.swift; path = DbObject.swift; sourceTree = "<group>"; };
		BBDD5E902011B18C0089DD32 /* DbSession.swift */ = {isa = PBXFileReference; lastKnownFileType = sourcecode.swift; path = DbSession.swift; sourceTree = "<group>"; };
		BBDD5E922011F18D0089DD32 /* Reachability.swift */ = {isa = PBXFileReference; lastKnownFileType = sourcecode.swift; path = Reachability.swift; sourceTree = "<group>"; };
		BBE813EA2016E93B00B21B1F /* DbTableViewCell.swift */ = {isa = PBXFileReference; lastKnownFileType = sourcecode.swift; path = DbTableViewCell.swift; sourceTree = "<group>"; };
		BBE813EF2016EBB700B21B1F /* DbAssets.xcassets */ = {isa = PBXFileReference; lastKnownFileType = folder.assetcatalog; path = DbAssets.xcassets; sourceTree = "<group>"; };
		BBE813F320171DD000B21B1F /* UITextField+PasswordField.swift */ = {isa = PBXFileReference; lastKnownFileType = sourcecode.swift; path = "UITextField+PasswordField.swift"; sourceTree = "<group>"; };
		BBE813F62017211A00B21B1F /* DecimalTextField.swift */ = {isa = PBXFileReference; lastKnownFileType = sourcecode.swift; path = DecimalTextField.swift; sourceTree = "<group>"; };
		BBE813F82017458000B21B1F /* ic_hide_password.png */ = {isa = PBXFileReference; lastKnownFileType = image.png; path = ic_hide_password.png; sourceTree = "<group>"; };
		BBE813F92017458000B21B1F /* ic_show_password.png */ = {isa = PBXFileReference; lastKnownFileType = image.png; path = ic_show_password.png; sourceTree = "<group>"; };
		BBE813FA2017458100B21B1F /* ic_show_password@2x.png */ = {isa = PBXFileReference; lastKnownFileType = image.png; path = "ic_show_password@2x.png"; sourceTree = "<group>"; };
		BBE813FB2017458100B21B1F /* ic_hide_password@2x.png */ = {isa = PBXFileReference; lastKnownFileType = image.png; path = "ic_hide_password@2x.png"; sourceTree = "<group>"; };
		BBE814002017551B00B21B1F /* PhotoGalleryViewController.swift */ = {isa = PBXFileReference; lastKnownFileType = sourcecode.swift; path = PhotoGalleryViewController.swift; sourceTree = "<group>"; };
		BBE88C5B20216C5E0044F661 /* DbDispatch.swift */ = {isa = PBXFileReference; lastKnownFileType = sourcecode.swift; path = DbDispatch.swift; sourceTree = "<group>"; };
		BBE88C772021C4BD0044F661 /* DbRequest.swift */ = {isa = PBXFileReference; lastKnownFileType = sourcecode.swift; path = DbRequest.swift; sourceTree = "<group>"; };
		BBE88C792021DFD40044F661 /* DbResponse.swift */ = {isa = PBXFileReference; lastKnownFileType = sourcecode.swift; path = DbResponse.swift; sourceTree = "<group>"; };
		BBEC9E452012644200FFF182 /* DbArrayExtensions.swift */ = {isa = PBXFileReference; lastKnownFileType = sourcecode.swift; path = DbArrayExtensions.swift; sourceTree = "<group>"; };
		BBEC9E472012662F00FFF182 /* DbDateExtensions.swift */ = {isa = PBXFileReference; lastKnownFileType = sourcecode.swift; path = DbDateExtensions.swift; sourceTree = "<group>"; };
		BBF540531F736C4900AF7AC2 /* DbWebConnection.swift */ = {isa = PBXFileReference; lastKnownFileType = sourcecode.swift; path = DbWebConnection.swift; sourceTree = "<group>"; };
		BBFAA0FA200D1EF700718E95 /* DbAppDelegate.swift */ = {isa = PBXFileReference; lastKnownFileType = sourcecode.swift; path = DbAppDelegate.swift; sourceTree = "<group>"; };
		BBFAA0FC200D243700718E95 /* DbViewController.swift */ = {isa = PBXFileReference; lastKnownFileType = sourcecode.swift; path = DbViewController.swift; sourceTree = "<group>"; };
		CEFA6F353D569F5651FF6856 /* Pods-SwiftApp.debug.xcconfig */ = {isa = PBXFileReference; includeInIndex = 1; lastKnownFileType = text.xcconfig; name = "Pods-SwiftApp.debug.xcconfig"; path = "Pods/Target Support Files/Pods-SwiftApp/Pods-SwiftApp.debug.xcconfig"; sourceTree = "<group>"; };
		F4143BFB2AB8643E03288BB2 /* Pods-SwiftApp.release.xcconfig */ = {isa = PBXFileReference; includeInIndex = 1; lastKnownFileType = text.xcconfig; name = "Pods-SwiftApp.release.xcconfig"; path = "Pods/Target Support Files/Pods-SwiftApp/Pods-SwiftApp.release.xcconfig"; sourceTree = "<group>"; };
/* End PBXFileReference section */

/* Begin PBXFrameworksBuildPhase section */
		BBD3CEE91F70CFE50028425E /* Frameworks */ = {
			isa = PBXFrameworksBuildPhase;
			buildActionMask = 2147483647;
			files = (
				5D8EEB4F713F5AE16C2A184E /* Pods_SwiftApp.framework in Frameworks */,
			);
			runOnlyForDeploymentPostprocessing = 0;
		};
		BBD3CEFD1F70CFE50028425E /* Frameworks */ = {
			isa = PBXFrameworksBuildPhase;
			buildActionMask = 2147483647;
			files = (
				E30D5F2105DB6D031E1304FB /* Pods_SwiftAppTests.framework in Frameworks */,
			);
			runOnlyForDeploymentPostprocessing = 0;
		};
/* End PBXFrameworksBuildPhase section */

/* Begin PBXGroup section */
		AECBCFF41D5B69C9C6B9C926 /* Frameworks */ = {
			isa = PBXGroup;
			children = (
				8016CA41A80ABCF8B62233C7 /* Pods_SwiftApp.framework */,
				7FF2814C1B7C4BB0116DD7E9 /* Pods_SwiftAppTests.framework */,
			);
			name = Frameworks;
			sourceTree = "<group>";
		};
		BB197D42200BBF4B005514C3 /* DbLibraries */ = {
			isa = PBXGroup;
			children = (
				BBE88C762021C4A80044F661 /* DbConnection */,
				BB197D43200BBFAA005514C3 /* DbConstant.swift */,
				BB6F6DE42011192100D81CA3 /* DbErrorView.swift */,
				BBE813EC2016EB0600B21B1F /* BaseUIKit */,
				BB2FA67420159BF100590C94 /* CustomViews */,
				BBE88C5A20216BFB0044F661 /* UtilsClass */,
				BBEC9E442012611E00FFF182 /* UtilsExtension */,
				BBE813EF2016EBB700B21B1F /* DbAssets.xcassets */,
			);
			path = DbLibraries;
			sourceTree = "<group>";
		};
		BB2FA67420159BF100590C94 /* CustomViews */ = {
			isa = PBXGroup;
			children = (
				BB2FA67B2015F18A00590C94 /* DbViewFromXib.swift */,
				BB10D3F31F79225100B7DF4B /* DbActionView.swift */,
				BB2FA67220158E7700590C94 /* DbPopupView.swift */,
				BB2FA6792015D37B00590C94 /* DbLoadableView.swift */,
				BBA4828E201CEC1500824A39 /* DbSelectorActionSheet.swift */,
			);
			path = CustomViews;
			sourceTree = "<group>";
		};
		BB5473162017885D0055CAD9 /* Swift-App */ = {
			isa = PBXGroup;
			children = (
				BB54731D201789460055CAD9 /* FirstViewController.swift */,
				BB54731E201789460055CAD9 /* FirstViewController.xib */,
				BB547319201789300055CAD9 /* SecondViewController.swift */,
				BB54731A201789300055CAD9 /* SecondViewController.xib */,
			);
			path = "Swift-App";
			sourceTree = "<group>";
		};
		BBB569D11F7B5B870014A7A9 /* Task-App */ = {
			isa = PBXGroup;
			children = (
				BBB569D21F7B5B870014A7A9 /* TaskDetailViewController.swift */,
				BBB569D31F7B5B870014A7A9 /* TaskDetailViewController.xib */,
				BBB569D41F7B5B870014A7A9 /* TaskListViewController.swift */,
				BBB569D51F7B5B870014A7A9 /* TaskListViewController.xib */,
				BBB569D61F7B5B870014A7A9 /* TaskUpdateViewController.swift */,
				BBB569D71F7B5B870014A7A9 /* TaskUpdateViewController.xib */,
				BBB569D81F7B5B870014A7A9 /* TaskViewCell.swift */,
				BBB569D91F7B5B870014A7A9 /* TaskViewCell.xib */,
			);
			path = "Task-App";
			sourceTree = "<group>";
		};
		BBB569E21F7B60270014A7A9 /* Json-App */ = {
			isa = PBXGroup;
			children = (
				BBB569E71F7B61280014A7A9 /* Models+Api */,
				BBB569E31F7B606C0014A7A9 /* TpUsersViewController.swift */,
				BBB569E41F7B606C0014A7A9 /* TpUsersViewController.xib */,
				BBB569EC1F7BC8880014A7A9 /* TpPostsViewController.swift */,
				BBB569ED1F7BC8880014A7A9 /* TpPostsViewController.xib */,
				BB2FA67520159EEC00590C94 /* TpPostDetailView.swift */,
				BB2FA67720159F8400590C94 /* TpPostDetailView.xib */,
			);
			path = "Json-App";
			sourceTree = "<group>";
		};
		BBB569E71F7B61280014A7A9 /* Models+Api */ = {
			isa = PBXGroup;
			children = (
				BBB569E81F7B615D0014A7A9 /* User.swift */,
				BBB569EA1F7BC5420014A7A9 /* Post.swift */,
			);
			path = "Models+Api";
			sourceTree = "<group>";
		};
		BBC02E531F71747A0011FDE6 /* Resources */ = {
			isa = PBXGroup;
			children = (
				BBC02E541F71747A0011FDE6 /* artists.json */,
				BBC02E551F71747A0011FDE6 /* Fonts */,
			);
			path = Resources;
			sourceTree = "<group>";
		};
		BBC02E551F71747A0011FDE6 /* Fonts */ = {
			isa = PBXGroup;
			children = (
				BBC02E561F71747A0011FDE6 /* FontAwesome.ttf */,
				BBC02E571F71747A0011FDE6 /* OpenSans-Bold.ttf */,
				BBC02E581F71747A0011FDE6 /* OpenSans-BoldItalic.ttf */,
				BBC02E591F71747A0011FDE6 /* OpenSans-ExtraBold.ttf */,
				BBC02E5A1F71747A0011FDE6 /* OpenSans-ExtraBoldItalic.ttf */,
				BBC02E5B1F71747A0011FDE6 /* OpenSans-Italic.ttf */,
				BBC02E5C1F71747A0011FDE6 /* OpenSans-Light.ttf */,
				BBC02E5D1F71747A0011FDE6 /* OpenSans-LightItalic.ttf */,
				BBC02E5E1F71747A0011FDE6 /* OpenSans-Regular.ttf */,
				BBC02E5F1F71747A0011FDE6 /* OpenSans-Semibold.ttf */,
				BBC02E601F71747A0011FDE6 /* OpenSans-SemiboldItalic.ttf */,
			);
			path = Fonts;
			sourceTree = "<group>";
		};
		BBD3CEE31F70CFE50028425E = {
			isa = PBXGroup;
			children = (
				BBD3CEEE1F70CFE50028425E /* SwiftApp */,
				BBD3CF031F70CFE50028425E /* SwiftAppTests */,
				BBD3CEED1F70CFE50028425E /* Products */,
				C18E4305809E59F8E17DBC84 /* Pods */,
				AECBCFF41D5B69C9C6B9C926 /* Frameworks */,
			);
			sourceTree = "<group>";
		};
		BBD3CEED1F70CFE50028425E /* Products */ = {
			isa = PBXGroup;
			children = (
				BBD3CEEC1F70CFE50028425E /* SwiftApp.app */,
				BBD3CF001F70CFE50028425E /* SwiftAppTests.xctest */,
			);
			name = Products;
			sourceTree = "<group>";
		};
		BBD3CEEE1F70CFE50028425E /* SwiftApp */ = {
			isa = PBXGroup;
			children = (
				BBE813F120171CF100B21B1F /* Libraries */,
				BB197D42200BBF4B005514C3 /* DbLibraries */,
				BBD3CEEF1F70CFE50028425E /* AppDelegate.swift */,
				BBD3CF101F70F80D0028425E /* RootViewController.swift */,
				BBA7C7551F721DAF00328377 /* BaseViewController.swift */,
				BBA7C7631F725D3F00328377 /* Utils.swift */,
				BB330BA61F7815D900BEEA9A /* Constant.swift */,
				BBF540521F736B9600AF7AC2 /* ServiceConnection */,
				BBB569D11F7B5B870014A7A9 /* Task-App */,
				BBB569E21F7B60270014A7A9 /* Json-App */,
				BBDD5E962011F3F70089DD32 /* Demo-App */,
				BB5473162017885D0055CAD9 /* Swift-App */,
				BBC02E531F71747A0011FDE6 /* Resources */,
				BBDD5E952011F3B10089DD32 /* Supporting Files */,
				BBD3CEF61F70CFE50028425E /* Assets.xcassets */,
				BB1E34E8201F0D44008F0679 /* ServiceUrl.swift */,
			);
			path = SwiftApp;
			sourceTree = "<group>";
		};
		BBD3CF031F70CFE50028425E /* SwiftAppTests */ = {
			isa = PBXGroup;
			children = (
				BBD3CF041F70CFE50028425E /* SwiftAppTests.swift */,
				BBD3CF061F70CFE50028425E /* Info.plist */,
			);
			path = SwiftAppTests;
			sourceTree = "<group>";
		};
		BBDD5E942011F38B0089DD32 /* Storyboard */ = {
			isa = PBXGroup;
			children = (
				BBD3CEF31F70CFE50028425E /* Main.storyboard */,
				BBD3CEF81F70CFE50028425E /* LaunchScreen.storyboard */,
			);
			path = Storyboard;
			sourceTree = "<group>";
		};
		BBDD5E952011F3B10089DD32 /* Supporting Files */ = {
			isa = PBXGroup;
			children = (
				BBDD5E942011F38B0089DD32 /* Storyboard */,
				BBD3CEF11F70CFE50028425E /* ViewController.swift */,
				BBD3CEFB1F70CFE50028425E /* Info.plist */,
				BBD3CF0F1F70D1760028425E /* ObjeCBridgingHeader.h */,
				BBC02E701F717DD20011FDE6 /* DemoData.plist */,
			);
			path = "Supporting Files";
			sourceTree = "<group>";
		};
		BBDD5E962011F3F70089DD32 /* Demo-App */ = {
			isa = PBXGroup;
			children = (
				BBD3CF121F70F8480028425E /* DemoTableViewController.swift */,
				BBD3CF131F70F8480028425E /* DemoTableViewController.xib */,
				BBD3CF161F70FBDC0028425E /* ToDoItem.swift */,
				BBD3CF181F7102D80028425E /* ToDoCell.swift */,
				BBD3CF191F7102D80028425E /* ToDoCell.xib */,
				BBC02E6E1F717D5D0011FDE6 /* SwiftyPlistManager.swift */,
			);
			path = "Demo-App";
			sourceTree = "<group>";
		};
		BBE813EC2016EB0600B21B1F /* BaseUIKit */ = {
			isa = PBXGroup;
			children = (
				BBFAA0FA200D1EF700718E95 /* DbAppDelegate.swift */,
				BBFAA0FC200D243700718E95 /* DbViewController.swift */,
				BBE813EA2016E93B00B21B1F /* DbTableViewCell.swift */,
				BBDD5E8E20119C4F0089DD32 /* DbObject.swift */,
			);
			path = BaseUIKit;
			sourceTree = "<group>";
		};
		BBE813F120171CF100B21B1F /* Libraries */ = {
			isa = PBXGroup;
			children = (
				BBE813F52017210C00B21B1F /* DecimalTextField */,
				BBE813F220171D7A00B21B1F /* UITextField+PasswordField */,
				BBE814002017551B00B21B1F /* PhotoGalleryViewController.swift */,
				BBD002802018A39E00293AC8 /* MediaGallery.swift */,
				BB79169020190264007A83E6 /* DbMediaPickerController.swift */,
				BBD2E5D02019C1CE005C7C37 /* LocationManager.swift */,
			);
			path = Libraries;
			sourceTree = "<group>";
		};
		BBE813F220171D7A00B21B1F /* UITextField+PasswordField */ = {
			isa = PBXGroup;
			children = (
				BBE813F82017458000B21B1F /* ic_hide_password.png */,
				BBE813FB2017458100B21B1F /* ic_hide_password@2x.png */,
				BBE813F92017458000B21B1F /* ic_show_password.png */,
				BBE813FA2017458100B21B1F /* ic_show_password@2x.png */,
				BBE813F320171DD000B21B1F /* UITextField+PasswordField.swift */,
			);
			path = "UITextField+PasswordField";
			sourceTree = "<group>";
		};
		BBE813F52017210C00B21B1F /* DecimalTextField */ = {
			isa = PBXGroup;
			children = (
				BBE813F62017211A00B21B1F /* DecimalTextField.swift */,
			);
			path = DecimalTextField;
			sourceTree = "<group>";
		};
		BBE88C5A20216BFB0044F661 /* UtilsClass */ = {
			isa = PBXGroup;
			children = (
				BB197D45200BC051005514C3 /* DbUtils.swift */,
				BBDD5E902011B18C0089DD32 /* DbSession.swift */,
				BBD2E5D22019CC8E005C7C37 /* DbAlertController.swift */,
				BBE88C5B20216C5E0044F661 /* DbDispatch.swift */,
			);
			path = UtilsClass;
			sourceTree = "<group>";
		};
		BBE88C762021C4A80044F661 /* DbConnection */ = {
			isa = PBXGroup;
			children = (
				BBE88C772021C4BD0044F661 /* DbRequest.swift */,
				BBE88C792021DFD40044F661 /* DbResponse.swift */,
				BBA4D64A2028A44B0013F204 /* DbConnection.swift */,
			);
			path = DbConnection;
			sourceTree = "<group>";
		};
		BBEC9E442012611E00FFF182 /* UtilsExtension */ = {
			isa = PBXGroup;
			children = (
				BB197D47200BC8AE005514C3 /* DbStringExtensions.swift */,
				BB197D49200BCC61005514C3 /* DbDictionaryExtensions.swift */,
				BB197D4B200BD0AF005514C3 /* DbUINavigationControllerExtensions.swift */,
				BBEC9E452012644200FFF182 /* DbArrayExtensions.swift */,
				BBEC9E472012662F00FFF182 /* DbDateExtensions.swift */,
				BB34D82B201E35490048F2B8 /* DbStdlibExtensions.swift */,
				BB1E34E6201ECD55008F0679 /* DbCGRectExtensions.swift */,
				BBA69EA720208EB20028603F /* DbUIViewExtensions.swift */,
				BBA69EA9202098400028603F /* DbUIKitExtensions.swift */,
			);
			path = UtilsExtension;
			sourceTree = "<group>";
		};
		BBF540521F736B9600AF7AC2 /* ServiceConnection */ = {
			isa = PBXGroup;
			children = (
				BBF540531F736C4900AF7AC2 /* DbWebConnection.swift */,
				BBDD5E922011F18D0089DD32 /* Reachability.swift */,
			);
			path = ServiceConnection;
			sourceTree = "<group>";
		};
		C18E4305809E59F8E17DBC84 /* Pods */ = {
			isa = PBXGroup;
			children = (
				CEFA6F353D569F5651FF6856 /* Pods-SwiftApp.debug.xcconfig */,
				F4143BFB2AB8643E03288BB2 /* Pods-SwiftApp.release.xcconfig */,
				64F2635626968B4B3D75864E /* Pods-SwiftAppTests.debug.xcconfig */,
				57B0F4AAEBF74E318208C799 /* Pods-SwiftAppTests.release.xcconfig */,
			);
			name = Pods;
			sourceTree = "<group>";
		};
/* End PBXGroup section */

/* Begin PBXNativeTarget section */
		BBD3CEEB1F70CFE50028425E /* SwiftApp */ = {
			isa = PBXNativeTarget;
			buildConfigurationList = BBD3CF091F70CFE50028425E /* Build configuration list for PBXNativeTarget "SwiftApp" */;
			buildPhases = (
				60267E3D1112053B2951C190 /* [CP] Check Pods Manifest.lock */,
				BBD3CEE81F70CFE50028425E /* Sources */,
				BBD3CEE91F70CFE50028425E /* Frameworks */,
				BBD3CEEA1F70CFE50028425E /* Resources */,
				B1335D4C222609F6BB7B0F05 /* [CP] Embed Pods Frameworks */,
				67704D1E9EF219CC4319BF8D /* [CP] Copy Pods Resources */,
			);
			buildRules = (
			);
			dependencies = (
			);
			name = SwiftApp;
			productName = SwiftApp;
			productReference = BBD3CEEC1F70CFE50028425E /* SwiftApp.app */;
			productType = "com.apple.product-type.application";
		};
		BBD3CEFF1F70CFE50028425E /* SwiftAppTests */ = {
			isa = PBXNativeTarget;
			buildConfigurationList = BBD3CF0C1F70CFE50028425E /* Build configuration list for PBXNativeTarget "SwiftAppTests" */;
			buildPhases = (
				6AB49EE24354A9656F852DD6 /* [CP] Check Pods Manifest.lock */,
				BBD3CEFC1F70CFE50028425E /* Sources */,
				BBD3CEFD1F70CFE50028425E /* Frameworks */,
				BBD3CEFE1F70CFE50028425E /* Resources */,
				95A12BF0CEC920308F27F5A0 /* [CP] Embed Pods Frameworks */,
				BB0F57CE6E63ABC512FF0C28 /* [CP] Copy Pods Resources */,
			);
			buildRules = (
			);
			dependencies = (
				BBD3CF021F70CFE50028425E /* PBXTargetDependency */,
			);
			name = SwiftAppTests;
			productName = SwiftAppTests;
			productReference = BBD3CF001F70CFE50028425E /* SwiftAppTests.xctest */;
			productType = "com.apple.product-type.bundle.unit-test";
		};
/* End PBXNativeTarget section */

/* Begin PBXProject section */
		BBD3CEE41F70CFE50028425E /* Project object */ = {
			isa = PBXProject;
			attributes = {
				LastSwiftUpdateCheck = 0830;
				LastUpgradeCheck = 0900;
				ORGANIZATIONNAME = "Propzy Viet Nam";
				TargetAttributes = {
					BBD3CEEB1F70CFE50028425E = {
						CreatedOnToolsVersion = 8.3.3;
						DevelopmentTeam = 99JD3QH9V9;
						LastSwiftMigration = 0920;
						ProvisioningStyle = Automatic;
					};
					BBD3CEFF1F70CFE50028425E = {
						CreatedOnToolsVersion = 8.3.3;
						DevelopmentTeam = KXK7W469S4;
						LastSwiftMigration = 0920;
						ProvisioningStyle = Automatic;
						TestTargetID = BBD3CEEB1F70CFE50028425E;
					};
				};
			};
			buildConfigurationList = BBD3CEE71F70CFE50028425E /* Build configuration list for PBXProject "SwiftApp" */;
			compatibilityVersion = "Xcode 3.2";
			developmentRegion = English;
			hasScannedForEncodings = 0;
			knownRegions = (
				en,
				Base,
			);
			mainGroup = BBD3CEE31F70CFE50028425E;
			productRefGroup = BBD3CEED1F70CFE50028425E /* Products */;
			projectDirPath = "";
			projectRoot = "";
			targets = (
				BBD3CEEB1F70CFE50028425E /* SwiftApp */,
				BBD3CEFF1F70CFE50028425E /* SwiftAppTests */,
			);
		};
/* End PBXProject section */

/* Begin PBXResourcesBuildPhase section */
		BBD3CEEA1F70CFE50028425E /* Resources */ = {
			isa = PBXResourcesBuildPhase;
			buildActionMask = 2147483647;
			files = (
				BBC02E681F71747A0011FDE6 /* OpenSans-Light.ttf in Resources */,
				BBE813FD2017458100B21B1F /* ic_show_password.png in Resources */,
				BBD3CF151F70F8480028425E /* DemoTableViewController.xib in Resources */,
				BBC02E691F71747A0011FDE6 /* OpenSans-LightItalic.ttf in Resources */,
				BBC02E621F71747A0011FDE6 /* FontAwesome.ttf in Resources */,
				BBC02E6B1F71747A0011FDE6 /* OpenSans-Semibold.ttf in Resources */,
				BBE813FC2017458100B21B1F /* ic_hide_password.png in Resources */,
				BBC02E711F717DD20011FDE6 /* DemoData.plist in Resources */,
				BB2FA67820159F8400590C94 /* TpPostDetailView.xib in Resources */,
				BBE813FF2017458100B21B1F /* ic_hide_password@2x.png in Resources */,
				BB54731C201789300055CAD9 /* SecondViewController.xib in Resources */,
				BBB569EF1F7BC8880014A7A9 /* TpPostsViewController.xib in Resources */,
				BBC02E6C1F71747A0011FDE6 /* OpenSans-SemiboldItalic.ttf in Resources */,
				BBC02E631F71747A0011FDE6 /* OpenSans-Bold.ttf in Resources */,
				BBB569DF1F7B5B880014A7A9 /* TaskUpdateViewController.xib in Resources */,
				BB547320201789460055CAD9 /* FirstViewController.xib in Resources */,
				BBD3CF1B1F7102D80028425E /* ToDoCell.xib in Resources */,
				BBB569DD1F7B5B880014A7A9 /* TaskListViewController.xib in Resources */,
				BBB569DB1F7B5B880014A7A9 /* TaskDetailViewController.xib in Resources */,
				BBD3CEFA1F70CFE50028425E /* LaunchScreen.storyboard in Resources */,
				BBB569E61F7B606C0014A7A9 /* TpUsersViewController.xib in Resources */,
				BBD3CEF71F70CFE50028425E /* Assets.xcassets in Resources */,
				BBC02E641F71747A0011FDE6 /* OpenSans-BoldItalic.ttf in Resources */,
				BBB569E11F7B5B880014A7A9 /* TaskViewCell.xib in Resources */,
				BBC02E611F71747A0011FDE6 /* artists.json in Resources */,
				BBE813FE2017458100B21B1F /* ic_show_password@2x.png in Resources */,
				BBC02E6A1F71747A0011FDE6 /* OpenSans-Regular.ttf in Resources */,
				BBD3CEF51F70CFE50028425E /* Main.storyboard in Resources */,
				BBE813F02016EBB800B21B1F /* DbAssets.xcassets in Resources */,
				BBC02E671F71747A0011FDE6 /* OpenSans-Italic.ttf in Resources */,
				BBC02E661F71747A0011FDE6 /* OpenSans-ExtraBoldItalic.ttf in Resources */,
				BBC02E651F71747A0011FDE6 /* OpenSans-ExtraBold.ttf in Resources */,
			);
			runOnlyForDeploymentPostprocessing = 0;
		};
		BBD3CEFE1F70CFE50028425E /* Resources */ = {
			isa = PBXResourcesBuildPhase;
			buildActionMask = 2147483647;
			files = (
			);
			runOnlyForDeploymentPostprocessing = 0;
		};
/* End PBXResourcesBuildPhase section */

/* Begin PBXShellScriptBuildPhase section */
		60267E3D1112053B2951C190 /* [CP] Check Pods Manifest.lock */ = {
			isa = PBXShellScriptBuildPhase;
			buildActionMask = 2147483647;
			files = (
			);
			inputPaths = (
				"${PODS_PODFILE_DIR_PATH}/Podfile.lock",
				"${PODS_ROOT}/Manifest.lock",
			);
			name = "[CP] Check Pods Manifest.lock";
			outputPaths = (
				"$(DERIVED_FILE_DIR)/Pods-SwiftApp-checkManifestLockResult.txt",
			);
			runOnlyForDeploymentPostprocessing = 0;
			shellPath = /bin/sh;
			shellScript = "diff \"${PODS_PODFILE_DIR_PATH}/Podfile.lock\" \"${PODS_ROOT}/Manifest.lock\" > /dev/null\nif [ $? != 0 ] ; then\n    # print error to STDERR\n    echo \"error: The sandbox is not in sync with the Podfile.lock. Run 'pod install' or update your CocoaPods installation.\" >&2\n    exit 1\nfi\n";
			showEnvVarsInLog = 0;
		};
		67704D1E9EF219CC4319BF8D /* [CP] Copy Pods Resources */ = {
			isa = PBXShellScriptBuildPhase;
			buildActionMask = 2147483647;
			files = (
			);
			inputPaths = (
			);
			name = "[CP] Copy Pods Resources";
			outputPaths = (
			);
			runOnlyForDeploymentPostprocessing = 0;
			shellPath = /bin/sh;
			shellScript = "\"${SRCROOT}/Pods/Target Support Files/Pods-SwiftApp/Pods-SwiftApp-resources.sh\"\n";
			showEnvVarsInLog = 0;
		};
		6AB49EE24354A9656F852DD6 /* [CP] Check Pods Manifest.lock */ = {
			isa = PBXShellScriptBuildPhase;
			buildActionMask = 2147483647;
			files = (
			);
			inputPaths = (
				"${PODS_PODFILE_DIR_PATH}/Podfile.lock",
				"${PODS_ROOT}/Manifest.lock",
			);
			name = "[CP] Check Pods Manifest.lock";
			outputPaths = (
				"$(DERIVED_FILE_DIR)/Pods-SwiftAppTests-checkManifestLockResult.txt",
			);
			runOnlyForDeploymentPostprocessing = 0;
			shellPath = /bin/sh;
			shellScript = "diff \"${PODS_PODFILE_DIR_PATH}/Podfile.lock\" \"${PODS_ROOT}/Manifest.lock\" > /dev/null\nif [ $? != 0 ] ; then\n    # print error to STDERR\n    echo \"error: The sandbox is not in sync with the Podfile.lock. Run 'pod install' or update your CocoaPods installation.\" >&2\n    exit 1\nfi\n";
			showEnvVarsInLog = 0;
		};
		95A12BF0CEC920308F27F5A0 /* [CP] Embed Pods Frameworks */ = {
			isa = PBXShellScriptBuildPhase;
			buildActionMask = 2147483647;
			files = (
			);
			inputPaths = (
			);
			name = "[CP] Embed Pods Frameworks";
			outputPaths = (
			);
			runOnlyForDeploymentPostprocessing = 0;
			shellPath = /bin/sh;
			shellScript = "\"${SRCROOT}/Pods/Target Support Files/Pods-SwiftAppTests/Pods-SwiftAppTests-frameworks.sh\"\n";
			showEnvVarsInLog = 0;
		};
		B1335D4C222609F6BB7B0F05 /* [CP] Embed Pods Frameworks */ = {
			isa = PBXShellScriptBuildPhase;
			buildActionMask = 2147483647;
			files = (
			);
			inputPaths = (
				"${SRCROOT}/Pods/Target Support Files/Pods-SwiftApp/Pods-SwiftApp-frameworks.sh",
				"${BUILT_PRODUCTS_DIR}/AFNetworking/AFNetworking.framework",
				"${BUILT_PRODUCTS_DIR}/DZNEmptyDataSet/DZNEmptyDataSet.framework",
				"${BUILT_PRODUCTS_DIR}/IQKeyboardManagerSwift/IQKeyboardManagerSwift.framework",
				"${BUILT_PRODUCTS_DIR}/MBProgressHUD/MBProgressHUD.framework",
				"${BUILT_PRODUCTS_DIR}/ObjectMapper/ObjectMapper.framework",
				"${BUILT_PRODUCTS_DIR}/SVPullToRefresh/SVPullToRefresh.framework",
				"${BUILT_PRODUCTS_DIR}/SnapKit/SnapKit.framework",
			);
			name = "[CP] Embed Pods Frameworks";
			outputPaths = (
				"${TARGET_BUILD_DIR}/${FRAMEWORKS_FOLDER_PATH}/AFNetworking.framework",
				"${TARGET_BUILD_DIR}/${FRAMEWORKS_FOLDER_PATH}/DZNEmptyDataSet.framework",
				"${TARGET_BUILD_DIR}/${FRAMEWORKS_FOLDER_PATH}/IQKeyboardManagerSwift.framework",
				"${TARGET_BUILD_DIR}/${FRAMEWORKS_FOLDER_PATH}/MBProgressHUD.framework",
				"${TARGET_BUILD_DIR}/${FRAMEWORKS_FOLDER_PATH}/ObjectMapper.framework",
				"${TARGET_BUILD_DIR}/${FRAMEWORKS_FOLDER_PATH}/SVPullToRefresh.framework",
				"${TARGET_BUILD_DIR}/${FRAMEWORKS_FOLDER_PATH}/SnapKit.framework",
			);
			runOnlyForDeploymentPostprocessing = 0;
			shellPath = /bin/sh;
			shellScript = "\"${SRCROOT}/Pods/Target Support Files/Pods-SwiftApp/Pods-SwiftApp-frameworks.sh\"\n";
			showEnvVarsInLog = 0;
		};
		BB0F57CE6E63ABC512FF0C28 /* [CP] Copy Pods Resources */ = {
			isa = PBXShellScriptBuildPhase;
			buildActionMask = 2147483647;
			files = (
			);
			inputPaths = (
			);
			name = "[CP] Copy Pods Resources";
			outputPaths = (
			);
			runOnlyForDeploymentPostprocessing = 0;
			shellPath = /bin/sh;
			shellScript = "\"${SRCROOT}/Pods/Target Support Files/Pods-SwiftAppTests/Pods-SwiftAppTests-resources.sh\"\n";
			showEnvVarsInLog = 0;
		};
/* End PBXShellScriptBuildPhase section */

/* Begin PBXSourcesBuildPhase section */
		BBD3CEE81F70CFE50028425E /* Sources */ = {
			isa = PBXSourcesBuildPhase;
			buildActionMask = 2147483647;
			files = (
				BBB569DA1F7B5B880014A7A9 /* TaskDetailViewController.swift in Sources */,
				BB197D4C200BD0AF005514C3 /* DbUINavigationControllerExtensions.swift in Sources */,
				BB6F6DE52011192100D81CA3 /* DbErrorView.swift in Sources */,
				BB1E34E7201ECD55008F0679 /* DbCGRectExtensions.swift in Sources */,
				BBF540541F736C4900AF7AC2 /* DbWebConnection.swift in Sources */,
				BBD3CF141F70F8480028425E /* DemoTableViewController.swift in Sources */,
				BB1E34E9201F0D44008F0679 /* ServiceUrl.swift in Sources */,
				BBD3CF1A1F7102D80028425E /* ToDoCell.swift in Sources */,
				BB330BA71F7815D900BEEA9A /* Constant.swift in Sources */,
				BBD3CEF21F70CFE50028425E /* ViewController.swift in Sources */,
				BB34D82C201E35490048F2B8 /* DbStdlibExtensions.swift in Sources */,
				BB54731F201789460055CAD9 /* FirstViewController.swift in Sources */,
				BBD3CF171F70FBDC0028425E /* ToDoItem.swift in Sources */,
				BBD3CEF01F70CFE50028425E /* AppDelegate.swift in Sources */,
				BBA4D64B2028A44B0013F204 /* DbConnection.swift in Sources */,
				BB197D48200BC8AE005514C3 /* DbStringExtensions.swift in Sources */,
				BB197D4A200BCC61005514C3 /* DbDictionaryExtensions.swift in Sources */,
				BBE88C7A2021DFD40044F661 /* DbResponse.swift in Sources */,
				BBA7C7641F725D3F00328377 /* Utils.swift in Sources */,
				BBB569E51F7B606C0014A7A9 /* TpUsersViewController.swift in Sources */,
				BB10D3F41F79225100B7DF4B /* DbActionView.swift in Sources */,
				BB54731B201789300055CAD9 /* SecondViewController.swift in Sources */,
				BBDD5E912011B18C0089DD32 /* DbSession.swift in Sources */,
				BBE814012017551B00B21B1F /* PhotoGalleryViewController.swift in Sources */,
				BBFAA0FD200D243700718E95 /* DbViewController.swift in Sources */,
				BB2FA67620159EEC00590C94 /* TpPostDetailView.swift in Sources */,
				BBE813F420171DD000B21B1F /* UITextField+PasswordField.swift in Sources */,
				BBA7C7561F721DAF00328377 /* BaseViewController.swift in Sources */,
				BBD3CF111F70F80D0028425E /* RootViewController.swift in Sources */,
				BBB569EE1F7BC8880014A7A9 /* TpPostsViewController.swift in Sources */,
				BBC02E6F1F717D5D0011FDE6 /* SwiftyPlistManager.swift in Sources */,
				BBB569DE1F7B5B880014A7A9 /* TaskUpdateViewController.swift in Sources */,
				BBA69EAA202098400028603F /* DbUIKitExtensions.swift in Sources */,
				BB197D46200BC051005514C3 /* DbUtils.swift in Sources */,
				BBB569DC1F7B5B880014A7A9 /* TaskListViewController.swift in Sources */,
				BB2FA67320158E7700590C94 /* DbPopupView.swift in Sources */,
				BBD2E5D32019CC8E005C7C37 /* DbAlertController.swift in Sources */,
				BBD2E5D12019C1CE005C7C37 /* LocationManager.swift in Sources */,
				BBEC9E482012662F00FFF182 /* DbDateExtensions.swift in Sources */,
				BBEC9E462012644200FFF182 /* DbArrayExtensions.swift in Sources */,
				BBDD5E8F20119C4F0089DD32 /* DbObject.swift in Sources */,
				BBD002812018A39E00293AC8 /* MediaGallery.swift in Sources */,
				BBA4828F201CEC1500824A39 /* DbSelectorActionSheet.swift in Sources */,
				BB2FA67C2015F18A00590C94 /* DbViewFromXib.swift in Sources */,
				BBB569E01F7B5B880014A7A9 /* TaskViewCell.swift in Sources */,
				BB79169120190264007A83E6 /* DbMediaPickerController.swift in Sources */,
				BBE813EB2016E93B00B21B1F /* DbTableViewCell.swift in Sources */,
				BBE813F72017211A00B21B1F /* DecimalTextField.swift in Sources */,
				BB2FA67A2015D37B00590C94 /* DbLoadableView.swift in Sources */,
				BB197D44200BBFAA005514C3 /* DbConstant.swift in Sources */,
				BBE88C782021C4BD0044F661 /* DbRequest.swift in Sources */,
				BBE88C5C20216C5E0044F661 /* DbDispatch.swift in Sources */,
				BBB569E91F7B615D0014A7A9 /* User.swift in Sources */,
				BBFAA0FB200D1EF700718E95 /* DbAppDelegate.swift in Sources */,
				BBDD5E932011F18D0089DD32 /* Reachability.swift in Sources */,
				BBA69EA820208EB20028603F /* DbUIViewExtensions.swift in Sources */,
				BBB569EB1F7BC5420014A7A9 /* Post.swift in Sources */,
			);
			runOnlyForDeploymentPostprocessing = 0;
		};
		BBD3CEFC1F70CFE50028425E /* Sources */ = {
			isa = PBXSourcesBuildPhase;
			buildActionMask = 2147483647;
			files = (
				BBD3CF051F70CFE50028425E /* SwiftAppTests.swift in Sources */,
			);
			runOnlyForDeploymentPostprocessing = 0;
		};
/* End PBXSourcesBuildPhase section */

/* Begin PBXTargetDependency section */
		BBD3CF021F70CFE50028425E /* PBXTargetDependency */ = {
			isa = PBXTargetDependency;
			target = BBD3CEEB1F70CFE50028425E /* SwiftApp */;
			targetProxy = BBD3CF011F70CFE50028425E /* PBXContainerItemProxy */;
		};
/* End PBXTargetDependency section */

/* Begin PBXVariantGroup section */
		BBD3CEF31F70CFE50028425E /* Main.storyboard */ = {
			isa = PBXVariantGroup;
			children = (
				BBD3CEF41F70CFE50028425E /* Base */,
			);
			name = Main.storyboard;
			sourceTree = "<group>";
		};
		BBD3CEF81F70CFE50028425E /* LaunchScreen.storyboard */ = {
			isa = PBXVariantGroup;
			children = (
				BBD3CEF91F70CFE50028425E /* Base */,
			);
			name = LaunchScreen.storyboard;
			sourceTree = "<group>";
		};
/* End PBXVariantGroup section */

/* Begin XCBuildConfiguration section */
		BBD3CF071F70CFE50028425E /* Debug */ = {
			isa = XCBuildConfiguration;
			buildSettings = {
				ALWAYS_SEARCH_USER_PATHS = NO;
				CLANG_ANALYZER_NONNULL = YES;
				CLANG_ANALYZER_NUMBER_OBJECT_CONVERSION = YES_AGGRESSIVE;
				CLANG_CXX_LANGUAGE_STANDARD = "gnu++0x";
				CLANG_CXX_LIBRARY = "libc++";
				CLANG_ENABLE_MODULES = YES;
				CLANG_ENABLE_OBJC_ARC = YES;
				CLANG_WARN_BLOCK_CAPTURE_AUTORELEASING = YES;
				CLANG_WARN_BOOL_CONVERSION = YES;
				CLANG_WARN_COMMA = YES;
				CLANG_WARN_CONSTANT_CONVERSION = YES;
				CLANG_WARN_DIRECT_OBJC_ISA_USAGE = YES_ERROR;
				CLANG_WARN_DOCUMENTATION_COMMENTS = YES;
				CLANG_WARN_EMPTY_BODY = YES;
				CLANG_WARN_ENUM_CONVERSION = YES;
				CLANG_WARN_INFINITE_RECURSION = YES;
				CLANG_WARN_INT_CONVERSION = YES;
				CLANG_WARN_NON_LITERAL_NULL_CONVERSION = YES;
				CLANG_WARN_OBJC_LITERAL_CONVERSION = YES;
				CLANG_WARN_OBJC_ROOT_CLASS = YES_ERROR;
				CLANG_WARN_RANGE_LOOP_ANALYSIS = YES;
				CLANG_WARN_STRICT_PROTOTYPES = YES;
				CLANG_WARN_SUSPICIOUS_MOVE = YES;
				CLANG_WARN_UNREACHABLE_CODE = YES;
				CLANG_WARN__DUPLICATE_METHOD_MATCH = YES;
				"CODE_SIGN_IDENTITY[sdk=iphoneos*]" = "iPhone Developer";
				COPY_PHASE_STRIP = NO;
				DEBUG_INFORMATION_FORMAT = dwarf;
				ENABLE_STRICT_OBJC_MSGSEND = YES;
				ENABLE_TESTABILITY = YES;
				GCC_C_LANGUAGE_STANDARD = gnu99;
				GCC_DYNAMIC_NO_PIC = NO;
				GCC_NO_COMMON_BLOCKS = YES;
				GCC_OPTIMIZATION_LEVEL = 0;
				GCC_PRECOMPILE_PREFIX_HEADER = NO;
				GCC_PREPROCESSOR_DEFINITIONS = (
					"DEBUG=1",
					"$(inherited)",
				);
				GCC_WARN_64_TO_32_BIT_CONVERSION = YES;
				GCC_WARN_ABOUT_RETURN_TYPE = YES_ERROR;
				GCC_WARN_UNDECLARED_SELECTOR = YES;
				GCC_WARN_UNINITIALIZED_AUTOS = YES_AGGRESSIVE;
				GCC_WARN_UNUSED_FUNCTION = YES;
				GCC_WARN_UNUSED_VARIABLE = YES;
				IPHONEOS_DEPLOYMENT_TARGET = 9.0;
				MTL_ENABLE_DEBUG_INFO = YES;
				ONLY_ACTIVE_ARCH = YES;
				SDKROOT = iphoneos;
				SWIFT_ACTIVE_COMPILATION_CONDITIONS = DEBUG;
				SWIFT_OPTIMIZATION_LEVEL = "-Onone";
			};
			name = Debug;
		};
		BBD3CF081F70CFE50028425E /* Release */ = {
			isa = XCBuildConfiguration;
			buildSettings = {
				ALWAYS_SEARCH_USER_PATHS = NO;
				CLANG_ANALYZER_NONNULL = YES;
				CLANG_ANALYZER_NUMBER_OBJECT_CONVERSION = YES_AGGRESSIVE;
				CLANG_CXX_LANGUAGE_STANDARD = "gnu++0x";
				CLANG_CXX_LIBRARY = "libc++";
				CLANG_ENABLE_MODULES = YES;
				CLANG_ENABLE_OBJC_ARC = YES;
				CLANG_WARN_BLOCK_CAPTURE_AUTORELEASING = YES;
				CLANG_WARN_BOOL_CONVERSION = YES;
				CLANG_WARN_COMMA = YES;
				CLANG_WARN_CONSTANT_CONVERSION = YES;
				CLANG_WARN_DIRECT_OBJC_ISA_USAGE = YES_ERROR;
				CLANG_WARN_DOCUMENTATION_COMMENTS = YES;
				CLANG_WARN_EMPTY_BODY = YES;
				CLANG_WARN_ENUM_CONVERSION = YES;
				CLANG_WARN_INFINITE_RECURSION = YES;
				CLANG_WARN_INT_CONVERSION = YES;
				CLANG_WARN_NON_LITERAL_NULL_CONVERSION = YES;
				CLANG_WARN_OBJC_LITERAL_CONVERSION = YES;
				CLANG_WARN_OBJC_ROOT_CLASS = YES_ERROR;
				CLANG_WARN_RANGE_LOOP_ANALYSIS = YES;
				CLANG_WARN_STRICT_PROTOTYPES = YES;
				CLANG_WARN_SUSPICIOUS_MOVE = YES;
				CLANG_WARN_UNREACHABLE_CODE = YES;
				CLANG_WARN__DUPLICATE_METHOD_MATCH = YES;
				"CODE_SIGN_IDENTITY[sdk=iphoneos*]" = "iPhone Developer";
				COPY_PHASE_STRIP = NO;
				DEBUG_INFORMATION_FORMAT = "dwarf-with-dsym";
				ENABLE_NS_ASSERTIONS = NO;
				ENABLE_STRICT_OBJC_MSGSEND = YES;
				GCC_C_LANGUAGE_STANDARD = gnu99;
				GCC_NO_COMMON_BLOCKS = YES;
				GCC_PRECOMPILE_PREFIX_HEADER = NO;
				GCC_WARN_64_TO_32_BIT_CONVERSION = YES;
				GCC_WARN_ABOUT_RETURN_TYPE = YES_ERROR;
				GCC_WARN_UNDECLARED_SELECTOR = YES;
				GCC_WARN_UNINITIALIZED_AUTOS = YES_AGGRESSIVE;
				GCC_WARN_UNUSED_FUNCTION = YES;
				GCC_WARN_UNUSED_VARIABLE = YES;
				IPHONEOS_DEPLOYMENT_TARGET = 9.0;
				MTL_ENABLE_DEBUG_INFO = NO;
				SDKROOT = iphoneos;
				SWIFT_OPTIMIZATION_LEVEL = "-Owholemodule";
				VALIDATE_PRODUCT = YES;
			};
			name = Release;
		};
		BBD3CF0A1F70CFE50028425E /* Debug */ = {
			isa = XCBuildConfiguration;
			baseConfigurationReference = CEFA6F353D569F5651FF6856 /* Pods-SwiftApp.debug.xcconfig */;
			buildSettings = {
				ASSETCATALOG_COMPILER_APPICON_NAME = AppIcon;
				DEVELOPMENT_TEAM = 99JD3QH9V9;
				INFOPLIST_FILE = "SwiftApp/Supporting Files/Info.plist";
				IPHONEOS_DEPLOYMENT_TARGET = 9.0;
				LD_RUNPATH_SEARCH_PATHS = "$(inherited) @executable_path/Frameworks";
				PRODUCT_BUNDLE_IDENTIFIER = vn.propzy.SwiftApp;
				PRODUCT_NAME = "$(TARGET_NAME)";
				SWIFT_OBJC_BRIDGING_HEADER = "$(SRCROOT)/SwiftApp/Supporting Files/ObjeCBridgingHeader.h";
				SWIFT_SWIFT3_OBJC_INFERENCE = Default;
				SWIFT_VERSION = 4.0;
			};
			name = Debug;
		};
		BBD3CF0B1F70CFE50028425E /* Release */ = {
			isa = XCBuildConfiguration;
			baseConfigurationReference = F4143BFB2AB8643E03288BB2 /* Pods-SwiftApp.release.xcconfig */;
			buildSettings = {
				ASSETCATALOG_COMPILER_APPICON_NAME = AppIcon;
				DEVELOPMENT_TEAM = 99JD3QH9V9;
				INFOPLIST_FILE = "SwiftApp/Supporting Files/Info.plist";
				IPHONEOS_DEPLOYMENT_TARGET = 9.0;
				LD_RUNPATH_SEARCH_PATHS = "$(inherited) @executable_path/Frameworks";
				PRODUCT_BUNDLE_IDENTIFIER = vn.propzy.SwiftApp;
				PRODUCT_NAME = "$(TARGET_NAME)";
				SWIFT_OBJC_BRIDGING_HEADER = "$(SRCROOT)/SwiftApp/Supporting Files/ObjeCBridgingHeader.h";
				SWIFT_SWIFT3_OBJC_INFERENCE = Default;
				SWIFT_VERSION = 4.0;
			};
			name = Release;
		};
		BBD3CF0D1F70CFE50028425E /* Debug */ = {
			isa = XCBuildConfiguration;
			baseConfigurationReference = 64F2635626968B4B3D75864E /* Pods-SwiftAppTests.debug.xcconfig */;
			buildSettings = {
				ALWAYS_EMBED_SWIFT_STANDARD_LIBRARIES = YES;
				BUNDLE_LOADER = "$(TEST_HOST)";
				DEVELOPMENT_TEAM = KXK7W469S4;
				INFOPLIST_FILE = SwiftAppTests/Info.plist;
				IPHONEOS_DEPLOYMENT_TARGET = 9.0;
				LD_RUNPATH_SEARCH_PATHS = "$(inherited) @executable_path/Frameworks @loader_path/Frameworks";
				PRODUCT_BUNDLE_IDENTIFIER = vn.propzy.SwiftAppTests;
				PRODUCT_NAME = "$(TARGET_NAME)";
				SWIFT_SWIFT3_OBJC_INFERENCE = Default;
				SWIFT_VERSION = 4.0;
				TEST_HOST = "$(BUILT_PRODUCTS_DIR)/SwiftApp.app/SwiftApp";
			};
			name = Debug;
		};
		BBD3CF0E1F70CFE50028425E /* Release */ = {
			isa = XCBuildConfiguration;
			baseConfigurationReference = 57B0F4AAEBF74E318208C799 /* Pods-SwiftAppTests.release.xcconfig */;
			buildSettings = {
				ALWAYS_EMBED_SWIFT_STANDARD_LIBRARIES = YES;
				BUNDLE_LOADER = "$(TEST_HOST)";
				DEVELOPMENT_TEAM = KXK7W469S4;
				INFOPLIST_FILE = SwiftAppTests/Info.plist;
				IPHONEOS_DEPLOYMENT_TARGET = 9.0;
				LD_RUNPATH_SEARCH_PATHS = "$(inherited) @executable_path/Frameworks @loader_path/Frameworks";
				PRODUCT_BUNDLE_IDENTIFIER = vn.propzy.SwiftAppTests;
				PRODUCT_NAME = "$(TARGET_NAME)";
				SWIFT_SWIFT3_OBJC_INFERENCE = Default;
				SWIFT_VERSION = 4.0;
				TEST_HOST = "$(BUILT_PRODUCTS_DIR)/SwiftApp.app/SwiftApp";
			};
			name = Release;
		};
/* End XCBuildConfiguration section */

/* Begin XCConfigurationList section */
		BBD3CEE71F70CFE50028425E /* Build configuration list for PBXProject "SwiftApp" */ = {
			isa = XCConfigurationList;
			buildConfigurations = (
				BBD3CF071F70CFE50028425E /* Debug */,
				BBD3CF081F70CFE50028425E /* Release */,
			);
			defaultConfigurationIsVisible = 0;
			defaultConfigurationName = Release;
		};
		BBD3CF091F70CFE50028425E /* Build configuration list for PBXNativeTarget "SwiftApp" */ = {
			isa = XCConfigurationList;
			buildConfigurations = (
				BBD3CF0A1F70CFE50028425E /* Debug */,
				BBD3CF0B1F70CFE50028425E /* Release */,
			);
			defaultConfigurationIsVisible = 0;
			defaultConfigurationName = Release;
		};
		BBD3CF0C1F70CFE50028425E /* Build configuration list for PBXNativeTarget "SwiftAppTests" */ = {
			isa = XCConfigurationList;
			buildConfigurations = (
				BBD3CF0D1F70CFE50028425E /* Debug */,
				BBD3CF0E1F70CFE50028425E /* Release */,
			);
			defaultConfigurationIsVisible = 0;
			defaultConfigurationName = Release;
		};
/* End XCConfigurationList section */
	};
	rootObject = BBD3CEE41F70CFE50028425E /* Project object */;
}
